
Microsoft Visual Studio Solution File, Format Version 12.00
# Visual Studio Version 17
VisualStudioVersion = 17.9.34728.123
MinimumVisualStudioVersion = 10.0.40219.1
Project("{FAE04EC0-301F-11D3-BF4B-00C04F79EFBC}") = "FirstWindowsFormsApp1", "FirstWindowsFormsApp1.csproj", "{C848807E-4ECE-4C80-945B-DAA676BB73E4}"
EndProject
Global
	GlobalSection(SolutionConfigurationPlatforms) = preSolution
		Debug|Any CPU = Debug|Any CPU
		Release|Any CPU = Release|Any CPU
	EndGlobalSection
	GlobalSection(ProjectConfigurationPlatforms) = postSolution
		{C848807E-4ECE-4C80-945B-DAA676BB73E4}.Debug|Any CPU.ActiveCfg = Debug|Any CPU
		{C848807E-4ECE-4C80-945B-DAA676BB73E4}.Debug|Any CPU.Build.0 = Debug|Any CPU
		{C848807E-4ECE-4C80-945B-DAA676BB73E4}.Release|Any CPU.ActiveCfg = Release|Any CPU
		{C848807E-4ECE-4C80-945B-DAA676BB73E4}.Release|Any CPU.Build.0 = Release|Any CPU
	EndGlobalSection
	GlobalSection(SolutionProperties) = preSolution
		HideSolutionNode = FALSE
	EndGlobalSection
	GlobalSection(ExtensibilityGlobals) = postSolution
		SolutionGuid = {172FA22E-52F0-4EC8-B790-B1B2F0F10537}
	EndGlobalSection
EndGlobal
