
Microsoft Visual Studio Solution File, Format Version 12.00
# Visual Studio Version 17
VisualStudioVersion = 17.9.34728.123
MinimumVisualStudioVersion = 10.0.40219.1
Project("{FAE04EC0-301F-11D3-BF4B-00C04F79EFBC}") = "WinFormsApp1", "WinFormsApp1.csproj", "{F21D13BE-A761-4478-A12C-BB6B16D969E9}"
EndProject
Global
	GlobalSection(SolutionConfigurationPlatforms) = preSolution
		Debug|Any CPU = Debug|Any CPU
		Release|Any CPU = Release|Any CPU
	EndGlobalSection
	GlobalSection(ProjectConfigurationPlatforms) = postSolution
		{F21D13BE-A761-4478-A12C-BB6B16D969E9}.Debug|Any CPU.ActiveCfg = Debug|Any CPU
		{F21D13BE-A761-4478-A12C-BB6B16D969E9}.Debug|Any CPU.Build.0 = Debug|Any CPU
		{F21D13BE-A761-4478-A12C-BB6B16D969E9}.Release|Any CPU.ActiveCfg = Release|Any CPU
		{F21D13BE-A761-4478-A12C-BB6B16D969E9}.Release|Any CPU.Build.0 = Release|Any CPU
	EndGlobalSection
	GlobalSection(SolutionProperties) = preSolution
		HideSolutionNode = FALSE
	EndGlobalSection
	GlobalSection(ExtensibilityGlobals) = postSolution
		SolutionGuid = {A594F7BA-C3F8-47B7-BD6D-3D2A9D401ADF}
	EndGlobalSection
EndGlobal
