
Microsoft Visual Studio Solution File, Format Version 12.00
# Visual Studio Version 17
VisualStudioVersion = 17.9.34728.123
MinimumVisualStudioVersion = 10.0.40219.1
Project("{FAE04EC0-301F-11D3-BF4B-00C04F79EFBC}") = "WinFormsApp1", "WinFormsApp1.csproj", "{EDCA4DA7-B06E-4E49-9006-2C3B7572244D}"
EndProject
Global
	GlobalSection(SolutionConfigurationPlatforms) = preSolution
		Debug|Any CPU = Debug|Any CPU
		Release|Any CPU = Release|Any CPU
	EndGlobalSection
	GlobalSection(ProjectConfigurationPlatforms) = postSolution
		{EDCA4DA7-B06E-4E49-9006-2C3B7572244D}.Debug|Any CPU.ActiveCfg = Debug|Any CPU
		{EDCA4DA7-B06E-4E49-9006-2C3B7572244D}.Debug|Any CPU.Build.0 = Debug|Any CPU
		{EDCA4DA7-B06E-4E49-9006-2C3B7572244D}.Release|Any CPU.ActiveCfg = Release|Any CPU
		{EDCA4DA7-B06E-4E49-9006-2C3B7572244D}.Release|Any CPU.Build.0 = Release|Any CPU
	EndGlobalSection
	GlobalSection(SolutionProperties) = preSolution
		HideSolutionNode = FALSE
	EndGlobalSection
	GlobalSection(ExtensibilityGlobals) = postSolution
		SolutionGuid = {F482250B-F2B8-4C48-A6D6-7264E206A189}
	EndGlobalSection
EndGlobal
