
Microsoft Visual Studio Solution File, Format Version 12.00
# Visual Studio Version 17
VisualStudioVersion = 17.9.34728.123
MinimumVisualStudioVersion = 10.0.40219.1
Project("{FAE04EC0-301F-11D3-BF4B-00C04F79EFBC}") = "HomeWork1", "HomeWork1.csproj", "{1103D0E3-CBA5-483C-8634-2C373A97544C}"
EndProject
Global
	GlobalSection(SolutionConfigurationPlatforms) = preSolution
		Debug|Any CPU = Debug|Any CPU
		Release|Any CPU = Release|Any CPU
	EndGlobalSection
	GlobalSection(ProjectConfigurationPlatforms) = postSolution
		{1103D0E3-CBA5-483C-8634-2C373A97544C}.Debug|Any CPU.ActiveCfg = Debug|Any CPU
		{1103D0E3-CBA5-483C-8634-2C373A97544C}.Debug|Any CPU.Build.0 = Debug|Any CPU
		{1103D0E3-CBA5-483C-8634-2C373A97544C}.Release|Any CPU.ActiveCfg = Release|Any CPU
		{1103D0E3-CBA5-483C-8634-2C373A97544C}.Release|Any CPU.Build.0 = Release|Any CPU
	EndGlobalSection
	GlobalSection(SolutionProperties) = preSolution
		HideSolutionNode = FALSE
	EndGlobalSection
	GlobalSection(ExtensibilityGlobals) = postSolution
		SolutionGuid = {E68D64CD-5091-4193-970D-11000993D1C8}
	EndGlobalSection
EndGlobal
