
Microsoft Visual Studio Solution File, Format Version 12.00
# Visual Studio Version 17
VisualStudioVersion = 17.9.34728.123
MinimumVisualStudioVersion = 10.0.40219.1
Project("{FAE04EC0-301F-11D3-BF4B-00C04F79EFBC}") = "WinFormsApp1", "WinFormsApp1.csproj", "{52C8A779-AC68-41C4-970B-F7B622EEC8C0}"
EndProject
Global
	GlobalSection(SolutionConfigurationPlatforms) = preSolution
		Debug|Any CPU = Debug|Any CPU
		Release|Any CPU = Release|Any CPU
	EndGlobalSection
	GlobalSection(ProjectConfigurationPlatforms) = postSolution
		{52C8A779-AC68-41C4-970B-F7B622EEC8C0}.Debug|Any CPU.ActiveCfg = Debug|Any CPU
		{52C8A779-AC68-41C4-970B-F7B622EEC8C0}.Debug|Any CPU.Build.0 = Debug|Any CPU
		{52C8A779-AC68-41C4-970B-F7B622EEC8C0}.Release|Any CPU.ActiveCfg = Release|Any CPU
		{52C8A779-AC68-41C4-970B-F7B622EEC8C0}.Release|Any CPU.Build.0 = Release|Any CPU
	EndGlobalSection
	GlobalSection(SolutionProperties) = preSolution
		HideSolutionNode = FALSE
	EndGlobalSection
	GlobalSection(ExtensibilityGlobals) = postSolution
		SolutionGuid = {5008E6D1-E733-4E6A-825E-A6679B494260}
	EndGlobalSection
EndGlobal
